
Microsoft Visual Studio Solution File, Format Version 12.00
# Visual Studio Version 17
VisualStudioVersion = 17.6.33815.320
MinimumVisualStudioVersion = 10.0.40219.1
Project("{FAE04EC0-301F-11D3-BF4B-00C04F79EFBC}") = "Akifev320P", "Akifev320P\Akifev320P.csproj", "{A45B8DF1-4A13-49C3-815F-C7C3ECF97735}"
EndProject
Global
	GlobalSection(SolutionConfigurationPlatforms) = preSolution
		Debug|Any CPU = Debug|Any CPU
		Release|Any CPU = Release|Any CPU
	EndGlobalSection
	GlobalSection(ProjectConfigurationPlatforms) = postSolution
		{A45B8DF1-4A13-49C3-815F-C7C3ECF97735}.Debug|Any CPU.ActiveCfg = Debug|Any CPU
		{A45B8DF1-4A13-49C3-815F-C7C3ECF97735}.Debug|Any CPU.Build.0 = Debug|Any CPU
		{A45B8DF1-4A13-49C3-815F-C7C3ECF97735}.Release|Any CPU.ActiveCfg = Release|Any CPU
		{A45B8DF1-4A13-49C3-815F-C7C3ECF97735}.Release|Any CPU.Build.0 = Release|Any CPU
	EndGlobalSection
	GlobalSection(SolutionProperties) = preSolution
		HideSolutionNode = FALSE
	EndGlobalSection
	GlobalSection(ExtensibilityGlobals) = postSolution
		SolutionGuid = {BFA09413-E708-46D0-8A7C-D9E5C2494F6F}
	EndGlobalSection
EndGlobal
